
Microsoft Visual Studio Solution File, Format Version 12.00
# Visual Studio 15
Project("{FAE04EC0-301F-11D3-BF4B-00C04F79EFBC}") = "Assembly-CSharp-firstpass", "Assembly-CSharp-firstpass.csproj", "{FB995866-C215-FD38-21B0-D1C24483999E}"
EndProject
Project("{FAE04EC0-301F-11D3-BF4B-00C04F79EFBC}") = "Assembly-CSharp-Editor-firstpass", "Assembly-CSharp-Editor-firstpass.csproj", "{14991FC3-74DD-91DD-0F7E-81C0CE5D5F47}"
EndProject
Global
	GlobalSection(SolutionConfigurationPlatforms) = preSolution
		Debug|Any CPU = Debug|Any CPU
		Release|Any CPU = Release|Any CPU
	EndGlobalSection
	GlobalSection(ProjectConfigurationPlatforms) = postSolution
		{FB995866-C215-FD38-21B0-D1C24483999E}.Debug|Any CPU.ActiveCfg = Debug|Any CPU
		{FB995866-C215-FD38-21B0-D1C24483999E}.Debug|Any CPU.Build.0 = Debug|Any CPU
		{FB995866-C215-FD38-21B0-D1C24483999E}.Release|Any CPU.ActiveCfg = Release|Any CPU
		{FB995866-C215-FD38-21B0-D1C24483999E}.Release|Any CPU.Build.0 = Release|Any CPU
		{14991FC3-74DD-91DD-0F7E-81C0CE5D5F47}.Debug|Any CPU.ActiveCfg = Debug|Any CPU
		{14991FC3-74DD-91DD-0F7E-81C0CE5D5F47}.Debug|Any CPU.Build.0 = Debug|Any CPU
		{14991FC3-74DD-91DD-0F7E-81C0CE5D5F47}.Release|Any CPU.ActiveCfg = Release|Any CPU
		{14991FC3-74DD-91DD-0F7E-81C0CE5D5F47}.Release|Any CPU.Build.0 = Release|Any CPU
	EndGlobalSection
	GlobalSection(SolutionProperties) = preSolution
		HideSolutionNode = FALSE
	EndGlobalSection
EndGlobal
